
Microsoft Visual Studio Solution File, Format Version 12.00
# Visual Studio Version 16
VisualStudioVersion = 16.0.30717.126
MinimumVisualStudioVersion = 10.0.40219.1
Project("{FAE04EC0-301F-11D3-BF4B-00C04F79EFBC}") = "00-Proje2", "00-Proje2\00-Proje2.csproj", "{026E51D1-1F1D-48D2-AA93-DBB860B8A5CA}"
EndProject
Global
	GlobalSection(SolutionConfigurationPlatforms) = preSolution
		Debug|Any CPU = Debug|Any CPU
		Release|Any CPU = Release|Any CPU
	EndGlobalSection
	GlobalSection(ProjectConfigurationPlatforms) = postSolution
		{026E51D1-1F1D-48D2-AA93-DBB860B8A5CA}.Debug|Any CPU.ActiveCfg = Debug|Any CPU
		{026E51D1-1F1D-48D2-AA93-DBB860B8A5CA}.Debug|Any CPU.Build.0 = Debug|Any CPU
		{026E51D1-1F1D-48D2-AA93-DBB860B8A5CA}.Release|Any CPU.ActiveCfg = Release|Any CPU
		{026E51D1-1F1D-48D2-AA93-DBB860B8A5CA}.Release|Any CPU.Build.0 = Release|Any CPU
	EndGlobalSection
	GlobalSection(SolutionProperties) = preSolution
		HideSolutionNode = FALSE
	EndGlobalSection
	GlobalSection(ExtensibilityGlobals) = postSolution
		SolutionGuid = {EADB6BA4-E878-420A-A3F2-EEB8D680641B}
	EndGlobalSection
EndGlobal
