
Microsoft Visual Studio Solution File, Format Version 12.00
# Visual Studio Version 16
VisualStudioVersion = 16.0.30717.126
MinimumVisualStudioVersion = 10.0.40219.1
Project("{FAE04EC0-301F-11D3-BF4B-00C04F79EFBC}") = "Proje4", "Proje4\Proje4.csproj", "{FB345637-B5D0-4061-BFFE-995D43B29804}"
EndProject
Global
	GlobalSection(SolutionConfigurationPlatforms) = preSolution
		Debug|Any CPU = Debug|Any CPU
		Release|Any CPU = Release|Any CPU
	EndGlobalSection
	GlobalSection(ProjectConfigurationPlatforms) = postSolution
		{FB345637-B5D0-4061-BFFE-995D43B29804}.Debug|Any CPU.ActiveCfg = Debug|Any CPU
		{FB345637-B5D0-4061-BFFE-995D43B29804}.Debug|Any CPU.Build.0 = Debug|Any CPU
		{FB345637-B5D0-4061-BFFE-995D43B29804}.Release|Any CPU.ActiveCfg = Release|Any CPU
		{FB345637-B5D0-4061-BFFE-995D43B29804}.Release|Any CPU.Build.0 = Release|Any CPU
	EndGlobalSection
	GlobalSection(SolutionProperties) = preSolution
		HideSolutionNode = FALSE
	EndGlobalSection
	GlobalSection(ExtensibilityGlobals) = postSolution
		SolutionGuid = {05298317-0EBE-4579-B592-65407D80BF63}
	EndGlobalSection
EndGlobal
