
Microsoft Visual Studio Solution File, Format Version 12.00
# Visual Studio Version 16
VisualStudioVersion = 16.0.30717.126
MinimumVisualStudioVersion = 10.0.40219.1
Project("{FAE04EC0-301F-11D3-BF4B-00C04F79EFBC}") = "00000-DenemelerİcinAcildi", "00000-DenemelerİcinAcildi\00000-DenemelerİcinAcildi.csproj", "{1A5F8C52-7125-4423-8998-4C7903C77026}"
EndProject
Global
	GlobalSection(SolutionConfigurationPlatforms) = preSolution
		Debug|Any CPU = Debug|Any CPU
		Release|Any CPU = Release|Any CPU
	EndGlobalSection
	GlobalSection(ProjectConfigurationPlatforms) = postSolution
		{1A5F8C52-7125-4423-8998-4C7903C77026}.Debug|Any CPU.ActiveCfg = Debug|Any CPU
		{1A5F8C52-7125-4423-8998-4C7903C77026}.Debug|Any CPU.Build.0 = Debug|Any CPU
		{1A5F8C52-7125-4423-8998-4C7903C77026}.Release|Any CPU.ActiveCfg = Release|Any CPU
		{1A5F8C52-7125-4423-8998-4C7903C77026}.Release|Any CPU.Build.0 = Release|Any CPU
	EndGlobalSection
	GlobalSection(SolutionProperties) = preSolution
		HideSolutionNode = FALSE
	EndGlobalSection
	GlobalSection(ExtensibilityGlobals) = postSolution
		SolutionGuid = {BE9D3C95-DEA7-4928-BB20-297A590DCF19}
	EndGlobalSection
EndGlobal
